// !$*UTF8*$!
{
	archiveVersion = 1;
	classes = {
	};
	objectVersion = 46;
	objects = {

/* Begin PBXBuildFile section */
		DD1EB28924831C612C2CD2B6 /* GameOverScenePresenter.swift in Sources */ = {isa = PBXBuildFile; fileRef = DD1EB580B83E0283C28DDA9E /* GameOverScenePresenter.swift */; };
		DD1EB2FC18510F18B2F4A6FA /* Router.swift in Sources */ = {isa = PBXBuildFile; fileRef = DD1EBAD69CF0F53B5F96C19C /* Router.swift */; };
		DD1EB3D278F80F58E0DBA69B /* GameOverInteractor.swift in Sources */ = {isa = PBXBuildFile; fileRef = DD1EB52C93D46771B447D048 /* GameOverInteractor.swift */; };
		DD1EB4491382671283E2148A /* MainMenuScenePresenter.swift in Sources */ = {isa = PBXBuildFile; fileRef = DD1EB2D4AB39067741797C72 /* MainMenuScenePresenter.swift */; };
		DD1EB4B50F2C787E846DE7BB /* GameScenePresenter.swift in Sources */ = {isa = PBXBuildFile; fileRef = DD1EBD562C1302F1BF66D790 /* GameScenePresenter.swift */; };
		DD1EB6551A6355C9D6E88E10 /* GameScene.swift in Sources */ = {isa = PBXBuildFile; fileRef = DD1EB4E3D1561E5F29392A39 /* GameScene.swift */; };
		DD1EB78E470007575FE70E57 /* Protocols.swift in Sources */ = {isa = PBXBuildFile; fileRef = DD1EB881F05F3C4CB01AEBDF /* Protocols.swift */; };
		DD1EBA2A27FAFD8090986204 /* GameOverScene.swift in Sources */ = {isa = PBXBuildFile; fileRef = DD1EB5080602F0E6866C8A43 /* GameOverScene.swift */; };
		DD1EBAE06EDEDB92A88DC332 /* MainMenuScene.swift in Sources */ = {isa = PBXBuildFile; fileRef = DD1EB543979FDC9E64700204 /* MainMenuScene.swift */; };
		DD1EBB139963D3A9DEDCC30B /* Music.swift in Sources */ = {isa = PBXBuildFile; fileRef = DD1EB358B308F144A987C25B /* Music.swift */; };
		DD1EBC27B905672E09EA383F /* Graphics.swift in Sources */ = {isa = PBXBuildFile; fileRef = DD1EB4F7B88C3BB14ED1EA0D /* Graphics.swift */; };
		DD1EBE7FB14EB51EE0639758 /* Game.swift in Sources */ = {isa = PBXBuildFile; fileRef = DD1EB9B8E6A6AC7A88E447CE /* Game.swift */; };
		E726F57A1E4F74FC0029FD6D /* AppDelegate.swift in Sources */ = {isa = PBXBuildFile; fileRef = E726F5791E4F74FC0029FD6D /* AppDelegate.swift */; };
		E726F5821E4F74FC0029FD6D /* GameViewController.swift in Sources */ = {isa = PBXBuildFile; fileRef = E726F5811E4F74FC0029FD6D /* GameViewController.swift */; };
		E726F5851E4F74FC0029FD6D /* Main.storyboard in Resources */ = {isa = PBXBuildFile; fileRef = E726F5831E4F74FC0029FD6D /* Main.storyboard */; };
		E726F5871E4F74FC0029FD6D /* Assets.xcassets in Resources */ = {isa = PBXBuildFile; fileRef = E726F5861E4F74FC0029FD6D /* Assets.xcassets */; };
		E726F58A1E4F74FC0029FD6D /* LaunchScreen.storyboard in Resources */ = {isa = PBXBuildFile; fileRef = E726F5881E4F74FC0029FD6D /* LaunchScreen.storyboard */; };
		E739F9C11E55E684002AEBF1 /* backgroundMusic.mp3 in Resources */ = {isa = PBXBuildFile; fileRef = E739F9BC1E55E684002AEBF1 /* backgroundMusic.mp3 */; };
		E739F9C21E55E684002AEBF1 /* hitCat.wav in Resources */ = {isa = PBXBuildFile; fileRef = E739F9BD1E55E684002AEBF1 /* hitCat.wav */; };
		E739F9C31E55E684002AEBF1 /* hitCatLady.wav in Resources */ = {isa = PBXBuildFile; fileRef = E739F9BE1E55E684002AEBF1 /* hitCatLady.wav */; };
		E739F9C41E55E684002AEBF1 /* lose.wav in Resources */ = {isa = PBXBuildFile; fileRef = E739F9BF1E55E684002AEBF1 /* lose.wav */; };
		E739F9C51E55E684002AEBF1 /* win.wav in Resources */ = {isa = PBXBuildFile; fileRef = E739F9C01E55E684002AEBF1 /* win.wav */; };
		E739F9CD1E55E8E1002AEBF1 /* AppDelegate.swift in Sources */ = {isa = PBXBuildFile; fileRef = E739F9CC1E55E8E1002AEBF1 /* AppDelegate.swift */; };
		E739F9D31E55E8E1002AEBF1 /* GameScene.swift in Sources */ = {isa = PBXBuildFile; fileRef = E739F9D21E55E8E1002AEBF1 /* GameScene.swift */; };
		E739F9D51E55E8E1002AEBF1 /* GameViewController.swift in Sources */ = {isa = PBXBuildFile; fileRef = E739F9D41E55E8E1002AEBF1 /* GameViewController.swift */; };
		E739F9D81E55E8E1002AEBF1 /* Main.storyboard in Resources */ = {isa = PBXBuildFile; fileRef = E739F9D61E55E8E1002AEBF1 /* Main.storyboard */; };
		E739F9DA1E55E8E1002AEBF1 /* Assets.xcassets in Resources */ = {isa = PBXBuildFile; fileRef = E739F9D91E55E8E1002AEBF1 /* Assets.xcassets */; };
		E739F9DD1E55E8E1002AEBF1 /* LaunchScreen.storyboard in Resources */ = {isa = PBXBuildFile; fileRef = E739F9DB1E55E8E1002AEBF1 /* LaunchScreen.storyboard */; };
		E739F9E31E55E950002AEBF1 /* MyUtils.swift in Sources */ = {isa = PBXBuildFile; fileRef = E739F9E21E55E950002AEBF1 /* MyUtils.swift */; };
		E7652C4D1E5A203600015B6C /* AppDelegate.swift in Sources */ = {isa = PBXBuildFile; fileRef = E7652C4C1E5A203600015B6C /* AppDelegate.swift */; };
		E7652C531E5A203600015B6C /* GameScene.swift in Sources */ = {isa = PBXBuildFile; fileRef = E7652C521E5A203600015B6C /* GameScene.swift */; };
		E7652C551E5A203600015B6C /* GameViewController.swift in Sources */ = {isa = PBXBuildFile; fileRef = E7652C541E5A203600015B6C /* GameViewController.swift */; };
		E7652C581E5A203600015B6C /* Main.storyboard in Resources */ = {isa = PBXBuildFile; fileRef = E7652C561E5A203600015B6C /* Main.storyboard */; };
		E7652C5A1E5A203600015B6C /* Assets.xcassets in Resources */ = {isa = PBXBuildFile; fileRef = E7652C591E5A203600015B6C /* Assets.xcassets */; };
		E7652C5D1E5A203600015B6C /* LaunchScreen.storyboard in Resources */ = {isa = PBXBuildFile; fileRef = E7652C5B1E5A203600015B6C /* LaunchScreen.storyboard */; };
/* End PBXBuildFile section */

/* Begin PBXFileReference section */
		DD1EB2D4AB39067741797C72 /* MainMenuScenePresenter.swift */ = {isa = PBXFileReference; fileEncoding = 4; lastKnownFileType = sourcecode.swift; path = MainMenuScenePresenter.swift; sourceTree = "<group>"; };
		DD1EB358B308F144A987C25B /* Music.swift */ = {isa = PBXFileReference; fileEncoding = 4; lastKnownFileType = sourcecode.swift; path = Music.swift; sourceTree = "<group>"; };
		DD1EB4BDE09865BAEC65D7A1 /* .gitignore */ = {isa = PBXFileReference; lastKnownFileType = file.gitignore; path = .gitignore; sourceTree = "<group>"; };
		DD1EB4E3D1561E5F29392A39 /* GameScene.swift */ = {isa = PBXFileReference; fileEncoding = 4; lastKnownFileType = sourcecode.swift; path = GameScene.swift; sourceTree = "<group>"; };
		DD1EB4F7B88C3BB14ED1EA0D /* Graphics.swift */ = {isa = PBXFileReference; fileEncoding = 4; lastKnownFileType = sourcecode.swift; path = Graphics.swift; sourceTree = "<group>"; };
		DD1EB5080602F0E6866C8A43 /* GameOverScene.swift */ = {isa = PBXFileReference; fileEncoding = 4; lastKnownFileType = sourcecode.swift; path = GameOverScene.swift; sourceTree = "<group>"; };
		DD1EB52C93D46771B447D048 /* GameOverInteractor.swift */ = {isa = PBXFileReference; fileEncoding = 4; lastKnownFileType = sourcecode.swift; path = GameOverInteractor.swift; sourceTree = "<group>"; };
		DD1EB543979FDC9E64700204 /* MainMenuScene.swift */ = {isa = PBXFileReference; fileEncoding = 4; lastKnownFileType = sourcecode.swift; path = MainMenuScene.swift; sourceTree = "<group>"; };
		DD1EB580B83E0283C28DDA9E /* GameOverScenePresenter.swift */ = {isa = PBXFileReference; fileEncoding = 4; lastKnownFileType = sourcecode.swift; path = GameOverScenePresenter.swift; sourceTree = "<group>"; };
		DD1EB881F05F3C4CB01AEBDF /* Protocols.swift */ = {isa = PBXFileReference; fileEncoding = 4; lastKnownFileType = sourcecode.swift; path = Protocols.swift; sourceTree = "<group>"; };
		DD1EB9B8E6A6AC7A88E447CE /* Game.swift */ = {isa = PBXFileReference; fileEncoding = 4; lastKnownFileType = sourcecode.swift; path = Game.swift; sourceTree = "<group>"; };
		DD1EBAD69CF0F53B5F96C19C /* Router.swift */ = {isa = PBXFileReference; fileEncoding = 4; lastKnownFileType = sourcecode.swift; path = Router.swift; sourceTree = "<group>"; };
		DD1EBD562C1302F1BF66D790 /* GameScenePresenter.swift */ = {isa = PBXFileReference; fileEncoding = 4; lastKnownFileType = sourcecode.swift; path = GameScenePresenter.swift; sourceTree = "<group>"; };
		E726F5761E4F74FC0029FD6D /* ZombieConga.app */ = {isa = PBXFileReference; explicitFileType = wrapper.application; includeInIndex = 0; path = ZombieConga.app; sourceTree = BUILT_PRODUCTS_DIR; };
		E726F5791E4F74FC0029FD6D /* AppDelegate.swift */ = {isa = PBXFileReference; lastKnownFileType = sourcecode.swift; path = AppDelegate.swift; sourceTree = "<group>"; };
		E726F5811E4F74FC0029FD6D /* GameViewController.swift */ = {isa = PBXFileReference; lastKnownFileType = sourcecode.swift; path = GameViewController.swift; sourceTree = "<group>"; };
		E726F5841E4F74FC0029FD6D /* Base */ = {isa = PBXFileReference; lastKnownFileType = file.storyboard; name = Base; path = Base.lproj/Main.storyboard; sourceTree = "<group>"; };
		E726F5861E4F74FC0029FD6D /* Assets.xcassets */ = {isa = PBXFileReference; lastKnownFileType = folder.assetcatalog; path = Assets.xcassets; sourceTree = "<group>"; };
		E726F5891E4F74FC0029FD6D /* Base */ = {isa = PBXFileReference; lastKnownFileType = file.storyboard; name = Base; path = Base.lproj/LaunchScreen.storyboard; sourceTree = "<group>"; };
		E726F58B1E4F74FC0029FD6D /* Info.plist */ = {isa = PBXFileReference; lastKnownFileType = text.plist.xml; path = Info.plist; sourceTree = "<group>"; };
		E739F9BC1E55E684002AEBF1 /* backgroundMusic.mp3 */ = {isa = PBXFileReference; lastKnownFileType = audio.mp3; path = backgroundMusic.mp3; sourceTree = "<group>"; };
		E739F9BD1E55E684002AEBF1 /* hitCat.wav */ = {isa = PBXFileReference; lastKnownFileType = audio.wav; path = hitCat.wav; sourceTree = "<group>"; };
		E739F9BE1E55E684002AEBF1 /* hitCatLady.wav */ = {isa = PBXFileReference; lastKnownFileType = audio.wav; path = hitCatLady.wav; sourceTree = "<group>"; };
		E739F9BF1E55E684002AEBF1 /* lose.wav */ = {isa = PBXFileReference; lastKnownFileType = audio.wav; path = lose.wav; sourceTree = "<group>"; };
		E739F9C01E55E684002AEBF1 /* win.wav */ = {isa = PBXFileReference; lastKnownFileType = audio.wav; path = win.wav; sourceTree = "<group>"; };
		E739F9CA1E55E8E1002AEBF1 /* ActionsCatalog.app */ = {isa = PBXFileReference; explicitFileType = wrapper.application; includeInIndex = 0; path = ActionsCatalog.app; sourceTree = BUILT_PRODUCTS_DIR; };
		E739F9CC1E55E8E1002AEBF1 /* AppDelegate.swift */ = {isa = PBXFileReference; lastKnownFileType = sourcecode.swift; path = AppDelegate.swift; sourceTree = "<group>"; };
		E739F9D21E55E8E1002AEBF1 /* GameScene.swift */ = {isa = PBXFileReference; lastKnownFileType = sourcecode.swift; path = GameScene.swift; sourceTree = "<group>"; };
		E739F9D41E55E8E1002AEBF1 /* GameViewController.swift */ = {isa = PBXFileReference; lastKnownFileType = sourcecode.swift; path = GameViewController.swift; sourceTree = "<group>"; };
		E739F9D71E55E8E1002AEBF1 /* Base */ = {isa = PBXFileReference; lastKnownFileType = file.storyboard; name = Base; path = Base.lproj/Main.storyboard; sourceTree = "<group>"; };
		E739F9D91E55E8E1002AEBF1 /* Assets.xcassets */ = {isa = PBXFileReference; lastKnownFileType = folder.assetcatalog; path = Assets.xcassets; sourceTree = "<group>"; };
		E739F9DC1E55E8E1002AEBF1 /* Base */ = {isa = PBXFileReference; lastKnownFileType = file.storyboard; name = Base; path = Base.lproj/LaunchScreen.storyboard; sourceTree = "<group>"; };
		E739F9DE1E55E8E1002AEBF1 /* Info.plist */ = {isa = PBXFileReference; lastKnownFileType = text.plist.xml; path = Info.plist; sourceTree = "<group>"; };
		E739F9E21E55E950002AEBF1 /* MyUtils.swift */ = {isa = PBXFileReference; fileEncoding = 4; lastKnownFileType = sourcecode.swift; path = MyUtils.swift; sourceTree = "<group>"; };
		E7652C4A1E5A203600015B6C /* AvailableFonts.app */ = {isa = PBXFileReference; explicitFileType = wrapper.application; includeInIndex = 0; path = AvailableFonts.app; sourceTree = BUILT_PRODUCTS_DIR; };
		E7652C4C1E5A203600015B6C /* AppDelegate.swift */ = {isa = PBXFileReference; lastKnownFileType = sourcecode.swift; path = AppDelegate.swift; sourceTree = "<group>"; };
		E7652C521E5A203600015B6C /* GameScene.swift */ = {isa = PBXFileReference; lastKnownFileType = sourcecode.swift; path = GameScene.swift; sourceTree = "<group>"; };
		E7652C541E5A203600015B6C /* GameViewController.swift */ = {isa = PBXFileReference; lastKnownFileType = sourcecode.swift; path = GameViewController.swift; sourceTree = "<group>"; };
		E7652C571E5A203600015B6C /* Base */ = {isa = PBXFileReference; lastKnownFileType = file.storyboard; name = Base; path = Base.lproj/Main.storyboard; sourceTree = "<group>"; };
		E7652C591E5A203600015B6C /* Assets.xcassets */ = {isa = PBXFileReference; lastKnownFileType = folder.assetcatalog; path = Assets.xcassets; sourceTree = "<group>"; };
		E7652C5C1E5A203600015B6C /* Base */ = {isa = PBXFileReference; lastKnownFileType = file.storyboard; name = Base; path = Base.lproj/LaunchScreen.storyboard; sourceTree = "<group>"; };
		E7652C5E1E5A203600015B6C /* Info.plist */ = {isa = PBXFileReference; lastKnownFileType = text.plist.xml; path = Info.plist; sourceTree = "<group>"; };
/* End PBXFileReference section */

/* Begin PBXFrameworksBuildPhase section */
		E726F5731E4F74FB0029FD6D /* Frameworks */ = {
			isa = PBXFrameworksBuildPhase;
			buildActionMask = 2147483647;
			files = (
			);
			runOnlyForDeploymentPostprocessing = 0;
		};
		E739F9C71E55E8E1002AEBF1 /* Frameworks */ = {
			isa = PBXFrameworksBuildPhase;
			buildActionMask = 2147483647;
			files = (
			);
			runOnlyForDeploymentPostprocessing = 0;
		};
		E7652C471E5A203600015B6C /* Frameworks */ = {
			isa = PBXFrameworksBuildPhase;
			buildActionMask = 2147483647;
			files = (
			);
			runOnlyForDeploymentPostprocessing = 0;
		};
/* End PBXFrameworksBuildPhase section */

/* Begin PBXGroup section */
		DD1EB8F5C07A468B9DE91FA5 /* MainMenuModule */ = {
			isa = PBXGroup;
			children = (
				DD1EB543979FDC9E64700204 /* MainMenuScene.swift */,
				DD1EB2D4AB39067741797C72 /* MainMenuScenePresenter.swift */,
			);
			path = MainMenuModule;
			sourceTree = "<group>";
		};
		DD1EBA8D763EEEA8FE382823 /* Utils */ = {
			isa = PBXGroup;
			children = (
				DD1EB4F7B88C3BB14ED1EA0D /* Graphics.swift */,
				DD1EB358B308F144A987C25B /* Music.swift */,
				DD1EB881F05F3C4CB01AEBDF /* Protocols.swift */,
			);
			path = Utils;
			sourceTree = "<group>";
		};
		DD1EBFD9950A0D565E9ABE2C /* GameModule */ = {
			isa = PBXGroup;
			children = (
				DD1EB4E3D1561E5F29392A39 /* GameScene.swift */,
				DD1EBD562C1302F1BF66D790 /* GameScenePresenter.swift */,
				DD1EB9B8E6A6AC7A88E447CE /* Game.swift */,
			);
			path = GameModule;
			sourceTree = "<group>";
		};
		DD1EBFE4BC430F7DC6457F85 /* GameOverSceneModule */ = {
			isa = PBXGroup;
			children = (
				DD1EB5080602F0E6866C8A43 /* GameOverScene.swift */,
				DD1EB580B83E0283C28DDA9E /* GameOverScenePresenter.swift */,
				DD1EB52C93D46771B447D048 /* GameOverInteractor.swift */,
			);
			path = GameOverSceneModule;
			sourceTree = "<group>";
		};
		E726F56D1E4F74FB0029FD6D = {
			isa = PBXGroup;
			children = (
				E726F5781E4F74FC0029FD6D /* ZombieConga */,
				E739F9CB1E55E8E1002AEBF1 /* ActionsCatalog */,
				E7652C4B1E5A203600015B6C /* AvailableFonts */,
				E726F5771E4F74FC0029FD6D /* Products */,
				DD1EB4BDE09865BAEC65D7A1 /* .gitignore */,
			);
			sourceTree = "<group>";
		};
		E726F5771E4F74FC0029FD6D /* Products */ = {
			isa = PBXGroup;
			children = (
				E726F5761E4F74FC0029FD6D /* ZombieConga.app */,
				E739F9CA1E55E8E1002AEBF1 /* ActionsCatalog.app */,
				E7652C4A1E5A203600015B6C /* AvailableFonts.app */,
			);
			name = Products;
			sourceTree = "<group>";
		};
		E726F5781E4F74FC0029FD6D /* ZombieConga */ = {
			isa = PBXGroup;
			children = (
				E739F9BB1E55E684002AEBF1 /* Sounds */,
				E726F5791E4F74FC0029FD6D /* AppDelegate.swift */,
				E726F5811E4F74FC0029FD6D /* GameViewController.swift */,
				E726F5831E4F74FC0029FD6D /* Main.storyboard */,
				E726F5861E4F74FC0029FD6D /* Assets.xcassets */,
				E726F5881E4F74FC0029FD6D /* LaunchScreen.storyboard */,
				E726F58B1E4F74FC0029FD6D /* Info.plist */,
				DD1EBFE4BC430F7DC6457F85 /* GameOverSceneModule */,
				DD1EBFD9950A0D565E9ABE2C /* GameModule */,
				DD1EBAD69CF0F53B5F96C19C /* Router.swift */,
				DD1EBA8D763EEEA8FE382823 /* Utils */,
				DD1EB8F5C07A468B9DE91FA5 /* MainMenuModule */,
			);
			path = ZombieConga;
			sourceTree = "<group>";
		};
		E739F9BB1E55E684002AEBF1 /* Sounds */ = {
			isa = PBXGroup;
			children = (
				E739F9BC1E55E684002AEBF1 /* backgroundMusic.mp3 */,
				E739F9BD1E55E684002AEBF1 /* hitCat.wav */,
				E739F9BE1E55E684002AEBF1 /* hitCatLady.wav */,
				E739F9BF1E55E684002AEBF1 /* lose.wav */,
				E739F9C01E55E684002AEBF1 /* win.wav */,
			);
			path = Sounds;
			sourceTree = "<group>";
		};
		E739F9CB1E55E8E1002AEBF1 /* ActionsCatalog */ = {
			isa = PBXGroup;
			children = (
				E739F9E21E55E950002AEBF1 /* MyUtils.swift */,
				E739F9CC1E55E8E1002AEBF1 /* AppDelegate.swift */,
				E739F9D21E55E8E1002AEBF1 /* GameScene.swift */,
				E739F9D41E55E8E1002AEBF1 /* GameViewController.swift */,
				E739F9D61E55E8E1002AEBF1 /* Main.storyboard */,
				E739F9D91E55E8E1002AEBF1 /* Assets.xcassets */,
				E739F9DB1E55E8E1002AEBF1 /* LaunchScreen.storyboard */,
				E739F9DE1E55E8E1002AEBF1 /* Info.plist */,
			);
			path = ActionsCatalog;
			sourceTree = "<group>";
		};
		E7652C4B1E5A203600015B6C /* AvailableFonts */ = {
			isa = PBXGroup;
			children = (
				E7652C4C1E5A203600015B6C /* AppDelegate.swift */,
				E7652C521E5A203600015B6C /* GameScene.swift */,
				E7652C541E5A203600015B6C /* GameViewController.swift */,
				E7652C561E5A203600015B6C /* Main.storyboard */,
				E7652C591E5A203600015B6C /* Assets.xcassets */,
				E7652C5B1E5A203600015B6C /* LaunchScreen.storyboard */,
				E7652C5E1E5A203600015B6C /* Info.plist */,
			);
			path = AvailableFonts;
			sourceTree = "<group>";
		};
/* End PBXGroup section */

/* Begin PBXNativeTarget section */
		E726F5751E4F74FB0029FD6D /* ZombieConga */ = {
			isa = PBXNativeTarget;
			buildConfigurationList = E726F58E1E4F74FC0029FD6D /* Build configuration list for PBXNativeTarget "ZombieConga" */;
			buildPhases = (
				E726F5721E4F74FB0029FD6D /* Sources */,
				E726F5731E4F74FB0029FD6D /* Frameworks */,
				E726F5741E4F74FB0029FD6D /* Resources */,
			);
			buildRules = (
			);
			dependencies = (
			);
			name = ZombieConga;
			productName = ZombieConga;
			productReference = E726F5761E4F74FC0029FD6D /* ZombieConga.app */;
			productType = "com.apple.product-type.application";
		};
		E739F9C91E55E8E1002AEBF1 /* ActionsCatalog */ = {
			isa = PBXNativeTarget;
			buildConfigurationList = E739F9DF1E55E8E1002AEBF1 /* Build configuration list for PBXNativeTarget "ActionsCatalog" */;
			buildPhases = (
				E739F9C61E55E8E1002AEBF1 /* Sources */,
				E739F9C71E55E8E1002AEBF1 /* Frameworks */,
				E739F9C81E55E8E1002AEBF1 /* Resources */,
			);
			buildRules = (
			);
			dependencies = (
			);
			name = ActionsCatalog;
			productName = ActionsCatalog;
			productReference = E739F9CA1E55E8E1002AEBF1 /* ActionsCatalog.app */;
			productType = "com.apple.product-type.application";
		};
		E7652C491E5A203600015B6C /* AvailableFonts */ = {
			isa = PBXNativeTarget;
			buildConfigurationList = E7652C611E5A203600015B6C /* Build configuration list for PBXNativeTarget "AvailableFonts" */;
			buildPhases = (
				E7652C461E5A203600015B6C /* Sources */,
				E7652C471E5A203600015B6C /* Frameworks */,
				E7652C481E5A203600015B6C /* Resources */,
			);
			buildRules = (
			);
			dependencies = (
			);
			name = AvailableFonts;
			productName = AvailableFonts;
			productReference = E7652C4A1E5A203600015B6C /* AvailableFonts.app */;
			productType = "com.apple.product-type.application";
		};
/* End PBXNativeTarget section */

/* Begin PBXProject section */
		E726F56E1E4F74FB0029FD6D /* Project object */ = {
			isa = PBXProject;
			attributes = {
				LastSwiftUpdateCheck = 0820;
				LastUpgradeCheck = 0820;
				ORGANIZATIONNAME = "Qiao Zhang";
				TargetAttributes = {
					E726F5751E4F74FB0029FD6D = {
						CreatedOnToolsVersion = 8.2;
						DevelopmentTeam = 5H9H3DSGAL;
						ProvisioningStyle = Automatic;
					};
					E739F9C91E55E8E1002AEBF1 = {
						CreatedOnToolsVersion = 8.2;
						DevelopmentTeam = 5H9H3DSGAL;
						ProvisioningStyle = Automatic;
					};
					E7652C491E5A203600015B6C = {
						CreatedOnToolsVersion = 8.2.1;
						DevelopmentTeam = 5H9H3DSGAL;
						ProvisioningStyle = Automatic;
					};
				};
			};
			buildConfigurationList = E726F5711E4F74FB0029FD6D /* Build configuration list for PBXProject "ZombieConga" */;
			compatibilityVersion = "Xcode 3.2";
			developmentRegion = English;
			hasScannedForEncodings = 0;
			knownRegions = (
				en,
				Base,
			);
			mainGroup = E726F56D1E4F74FB0029FD6D;
			productRefGroup = E726F5771E4F74FC0029FD6D /* Products */;
			projectDirPath = "";
			projectRoot = "";
			targets = (
				E726F5751E4F74FB0029FD6D /* ZombieConga */,
				E739F9C91E55E8E1002AEBF1 /* ActionsCatalog */,
				E7652C491E5A203600015B6C /* AvailableFonts */,
			);
		};
/* End PBXProject section */

/* Begin PBXResourcesBuildPhase section */
		E726F5741E4F74FB0029FD6D /* Resources */ = {
			isa = PBXResourcesBuildPhase;
			buildActionMask = 2147483647;
			files = (
				E726F5851E4F74FC0029FD6D /* Main.storyboard in Resources */,
				E739F9C51E55E684002AEBF1 /* win.wav in Resources */,
				E739F9C21E55E684002AEBF1 /* hitCat.wav in Resources */,
				E726F5871E4F74FC0029FD6D /* Assets.xcassets in Resources */,
				E739F9C41E55E684002AEBF1 /* lose.wav in Resources */,
				E739F9C31E55E684002AEBF1 /* hitCatLady.wav in Resources */,
				E739F9C11E55E684002AEBF1 /* backgroundMusic.mp3 in Resources */,
				E726F58A1E4F74FC0029FD6D /* LaunchScreen.storyboard in Resources */,
			);
			runOnlyForDeploymentPostprocessing = 0;
		};
		E739F9C81E55E8E1002AEBF1 /* Resources */ = {
			isa = PBXResourcesBuildPhase;
			buildActionMask = 2147483647;
			files = (
				E739F9D81E55E8E1002AEBF1 /* Main.storyboard in Resources */,
				E739F9DA1E55E8E1002AEBF1 /* Assets.xcassets in Resources */,
				E739F9DD1E55E8E1002AEBF1 /* LaunchScreen.storyboard in Resources */,
			);
			runOnlyForDeploymentPostprocessing = 0;
		};
		E7652C481E5A203600015B6C /* Resources */ = {
			isa = PBXResourcesBuildPhase;
			buildActionMask = 2147483647;
			files = (
				E7652C581E5A203600015B6C /* Main.storyboard in Resources */,
				E7652C5A1E5A203600015B6C /* Assets.xcassets in Resources */,
				E7652C5D1E5A203600015B6C /* LaunchScreen.storyboard in Resources */,
			);
			runOnlyForDeploymentPostprocessing = 0;
		};
/* End PBXResourcesBuildPhase section */

/* Begin PBXSourcesBuildPhase section */
		E726F5721E4F74FB0029FD6D /* Sources */ = {
			isa = PBXSourcesBuildPhase;
			buildActionMask = 2147483647;
			files = (
				E726F5821E4F74FC0029FD6D /* GameViewController.swift in Sources */,
				E726F57A1E4F74FC0029FD6D /* AppDelegate.swift in Sources */,
				DD1EBA2A27FAFD8090986204 /* GameOverScene.swift in Sources */,
				DD1EB28924831C612C2CD2B6 /* GameOverScenePresenter.swift in Sources */,
				DD1EB6551A6355C9D6E88E10 /* GameScene.swift in Sources */,
				DD1EB2FC18510F18B2F4A6FA /* Router.swift in Sources */,
				DD1EB4B50F2C787E846DE7BB /* GameScenePresenter.swift in Sources */,
				DD1EB3D278F80F58E0DBA69B /* GameOverInteractor.swift in Sources */,
				DD1EBE7FB14EB51EE0639758 /* Game.swift in Sources */,
				DD1EBC27B905672E09EA383F /* Graphics.swift in Sources */,
				DD1EBB139963D3A9DEDCC30B /* Music.swift in Sources */,
				DD1EBAE06EDEDB92A88DC332 /* MainMenuScene.swift in Sources */,
				DD1EB4491382671283E2148A /* MainMenuScenePresenter.swift in Sources */,
				DD1EB78E470007575FE70E57 /* Protocols.swift in Sources */,
			);
			runOnlyForDeploymentPostprocessing = 0;
		};
		E739F9C61E55E8E1002AEBF1 /* Sources */ = {
			isa = PBXSourcesBuildPhase;
			buildActionMask = 2147483647;
			files = (
				E739F9D31E55E8E1002AEBF1 /* GameScene.swift in Sources */,
				E739F9D51E55E8E1002AEBF1 /* GameViewController.swift in Sources */,
				E739F9CD1E55E8E1002AEBF1 /* AppDelegate.swift in Sources */,
				E739F9E31E55E950002AEBF1 /* MyUtils.swift in Sources */,
			);
			runOnlyForDeploymentPostprocessing = 0;
		};
		E7652C461E5A203600015B6C /* Sources */ = {
			isa = PBXSourcesBuildPhase;
			buildActionMask = 2147483647;
			files = (
				E7652C531E5A203600015B6C /* GameScene.swift in Sources */,
				E7652C551E5A203600015B6C /* GameViewController.swift in Sources */,
				E7652C4D1E5A203600015B6C /* AppDelegate.swift in Sources */,
			);
			runOnlyForDeploymentPostprocessing = 0;
		};
/* End PBXSourcesBuildPhase section */

/* Begin PBXVariantGroup section */
		E726F5831E4F74FC0029FD6D /* Main.storyboard */ = {
			isa = PBXVariantGroup;
			children = (
				E726F5841E4F74FC0029FD6D /* Base */,
			);
			name = Main.storyboard;
			sourceTree = "<group>";
		};
		E726F5881E4F74FC0029FD6D /* LaunchScreen.storyboard */ = {
			isa = PBXVariantGroup;
			children = (
				E726F5891E4F74FC0029FD6D /* Base */,
			);
			name = LaunchScreen.storyboard;
			sourceTree = "<group>";
		};
		E739F9D61E55E8E1002AEBF1 /* Main.storyboard */ = {
			isa = PBXVariantGroup;
			children = (
				E739F9D71E55E8E1002AEBF1 /* Base */,
			);
			name = Main.storyboard;
			sourceTree = "<group>";
		};
		E739F9DB1E55E8E1002AEBF1 /* LaunchScreen.storyboard */ = {
			isa = PBXVariantGroup;
			children = (
				E739F9DC1E55E8E1002AEBF1 /* Base */,
			);
			name = LaunchScreen.storyboard;
			sourceTree = "<group>";
		};
		E7652C561E5A203600015B6C /* Main.storyboard */ = {
			isa = PBXVariantGroup;
			children = (
				E7652C571E5A203600015B6C /* Base */,
			);
			name = Main.storyboard;
			sourceTree = "<group>";
		};
		E7652C5B1E5A203600015B6C /* LaunchScreen.storyboard */ = {
			isa = PBXVariantGroup;
			children = (
				E7652C5C1E5A203600015B6C /* Base */,
			);
			name = LaunchScreen.storyboard;
			sourceTree = "<group>";
		};
/* End PBXVariantGroup section */

/* Begin XCBuildConfiguration section */
		E726F58C1E4F74FC0029FD6D /* Debug */ = {
			isa = XCBuildConfiguration;
			buildSettings = {
				ALWAYS_SEARCH_USER_PATHS = NO;
				CLANG_ANALYZER_NONNULL = YES;
				CLANG_CXX_LANGUAGE_STANDARD = "gnu++0x";
				CLANG_CXX_LIBRARY = "libc++";
				CLANG_ENABLE_MODULES = YES;
				CLANG_ENABLE_OBJC_ARC = YES;
				CLANG_WARN_BOOL_CONVERSION = YES;
				CLANG_WARN_CONSTANT_CONVERSION = YES;
				CLANG_WARN_DIRECT_OBJC_ISA_USAGE = YES_ERROR;
				CLANG_WARN_DOCUMENTATION_COMMENTS = YES;
				CLANG_WARN_EMPTY_BODY = YES;
				CLANG_WARN_ENUM_CONVERSION = YES;
				CLANG_WARN_INFINITE_RECURSION = YES;
				CLANG_WARN_INT_CONVERSION = YES;
				CLANG_WARN_OBJC_ROOT_CLASS = YES_ERROR;
				CLANG_WARN_SUSPICIOUS_MOVE = YES;
				CLANG_WARN_UNREACHABLE_CODE = YES;
				CLANG_WARN__DUPLICATE_METHOD_MATCH = YES;
				"CODE_SIGN_IDENTITY[sdk=iphoneos*]" = "iPhone Developer";
				COPY_PHASE_STRIP = NO;
				DEBUG_INFORMATION_FORMAT = dwarf;
				ENABLE_STRICT_OBJC_MSGSEND = YES;
				ENABLE_TESTABILITY = YES;
				GCC_C_LANGUAGE_STANDARD = gnu99;
				GCC_DYNAMIC_NO_PIC = NO;
				GCC_NO_COMMON_BLOCKS = YES;
				GCC_OPTIMIZATION_LEVEL = 0;
				GCC_PREPROCESSOR_DEFINITIONS = (
					"DEBUG=1",
					"$(inherited)",
				);
				GCC_WARN_64_TO_32_BIT_CONVERSION = YES;
				GCC_WARN_ABOUT_RETURN_TYPE = YES_ERROR;
				GCC_WARN_UNDECLARED_SELECTOR = YES;
				GCC_WARN_UNINITIALIZED_AUTOS = YES_AGGRESSIVE;
				GCC_WARN_UNUSED_FUNCTION = YES;
				GCC_WARN_UNUSED_VARIABLE = YES;
				IPHONEOS_DEPLOYMENT_TARGET = 10.2;
				MTL_ENABLE_DEBUG_INFO = YES;
				ONLY_ACTIVE_ARCH = YES;
				SDKROOT = iphoneos;
				SWIFT_ACTIVE_COMPILATION_CONDITIONS = DEBUG;
				SWIFT_OPTIMIZATION_LEVEL = "-Onone";
				TARGETED_DEVICE_FAMILY = "1,2";
			};
			name = Debug;
		};
		E726F58D1E4F74FC0029FD6D /* Release */ = {
			isa = XCBuildConfiguration;
			buildSettings = {
				ALWAYS_SEARCH_USER_PATHS = NO;
				CLANG_ANALYZER_NONNULL = YES;
				CLANG_CXX_LANGUAGE_STANDARD = "gnu++0x";
				CLANG_CXX_LIBRARY = "libc++";
				CLANG_ENABLE_MODULES = YES;
				CLANG_ENABLE_OBJC_ARC = YES;
				CLANG_WARN_BOOL_CONVERSION = YES;
				CLANG_WARN_CONSTANT_CONVERSION = YES;
				CLANG_WARN_DIRECT_OBJC_ISA_USAGE = YES_ERROR;
				CLANG_WARN_DOCUMENTATION_COMMENTS = YES;
				CLANG_WARN_EMPTY_BODY = YES;
				CLANG_WARN_ENUM_CONVERSION = YES;
				CLANG_WARN_INFINITE_RECURSION = YES;
				CLANG_WARN_INT_CONVERSION = YES;
				CLANG_WARN_OBJC_ROOT_CLASS = YES_ERROR;
				CLANG_WARN_SUSPICIOUS_MOVE = YES;
				CLANG_WARN_UNREACHABLE_CODE = YES;
				CLANG_WARN__DUPLICATE_METHOD_MATCH = YES;
				"CODE_SIGN_IDENTITY[sdk=iphoneos*]" = "iPhone Developer";
				COPY_PHASE_STRIP = NO;
				DEBUG_INFORMATION_FORMAT = "dwarf-with-dsym";
				ENABLE_NS_ASSERTIONS = NO;
				ENABLE_STRICT_OBJC_MSGSEND = YES;
				GCC_C_LANGUAGE_STANDARD = gnu99;
				GCC_NO_COMMON_BLOCKS = YES;
				GCC_WARN_64_TO_32_BIT_CONVERSION = YES;
				GCC_WARN_ABOUT_RETURN_TYPE = YES_ERROR;
				GCC_WARN_UNDECLARED_SELECTOR = YES;
				GCC_WARN_UNINITIALIZED_AUTOS = YES_AGGRESSIVE;
				GCC_WARN_UNUSED_FUNCTION = YES;
				GCC_WARN_UNUSED_VARIABLE = YES;
				IPHONEOS_DEPLOYMENT_TARGET = 10.2;
				MTL_ENABLE_DEBUG_INFO = NO;
				SDKROOT = iphoneos;
				SWIFT_OPTIMIZATION_LEVEL = "-Owholemodule";
				TARGETED_DEVICE_FAMILY = "1,2";
				VALIDATE_PRODUCT = YES;
			};
			name = Release;
		};
		E726F58F1E4F74FC0029FD6D /* Debug */ = {
			isa = XCBuildConfiguration;
			buildSettings = {
				ASSETCATALOG_COMPILER_APPICON_NAME = AppIcon;
				DEVELOPMENT_TEAM = 5H9H3DSGAL;
				INFOPLIST_FILE = ZombieConga/Info.plist;
				LD_RUNPATH_SEARCH_PATHS = "$(inherited) @executable_path/Frameworks";
				PRODUCT_BUNDLE_IDENTIFIER = www.qiaozhang.ZombieConga;
				PRODUCT_NAME = "$(TARGET_NAME)";
				SWIFT_VERSION = 3.0;
			};
			name = Debug;
		};
		E726F5901E4F74FC0029FD6D /* Release */ = {
			isa = XCBuildConfiguration;
			buildSettings = {
				ASSETCATALOG_COMPILER_APPICON_NAME = AppIcon;
				DEVELOPMENT_TEAM = 5H9H3DSGAL;
				INFOPLIST_FILE = ZombieConga/Info.plist;
				LD_RUNPATH_SEARCH_PATHS = "$(inherited) @executable_path/Frameworks";
				PRODUCT_BUNDLE_IDENTIFIER = www.qiaozhang.ZombieConga;
				PRODUCT_NAME = "$(TARGET_NAME)";
				SWIFT_VERSION = 3.0;
			};
			name = Release;
		};
		E739F9E01E55E8E1002AEBF1 /* Debug */ = {
			isa = XCBuildConfiguration;
			buildSettings = {
				ASSETCATALOG_COMPILER_APPICON_NAME = AppIcon;
				DEVELOPMENT_TEAM = 5H9H3DSGAL;
				INFOPLIST_FILE = ActionsCatalog/Info.plist;
				LD_RUNPATH_SEARCH_PATHS = "$(inherited) @executable_path/Frameworks";
				PRODUCT_BUNDLE_IDENTIFIER = www.qiaozhang.ActionsCatalog;
				PRODUCT_NAME = "$(TARGET_NAME)";
				SWIFT_VERSION = 3.0;
			};
			name = Debug;
		};
		E739F9E11E55E8E1002AEBF1 /* Release */ = {
			isa = XCBuildConfiguration;
			buildSettings = {
				ASSETCATALOG_COMPILER_APPICON_NAME = AppIcon;
				DEVELOPMENT_TEAM = 5H9H3DSGAL;
				INFOPLIST_FILE = ActionsCatalog/Info.plist;
				LD_RUNPATH_SEARCH_PATHS = "$(inherited) @executable_path/Frameworks";
				PRODUCT_BUNDLE_IDENTIFIER = www.qiaozhang.ActionsCatalog;
				PRODUCT_NAME = "$(TARGET_NAME)";
				SWIFT_VERSION = 3.0;
			};
			name = Release;
		};
		E7652C5F1E5A203600015B6C /* Debug */ = {
			isa = XCBuildConfiguration;
			buildSettings = {
				ASSETCATALOG_COMPILER_APPICON_NAME = AppIcon;
				DEVELOPMENT_TEAM = 5H9H3DSGAL;
				INFOPLIST_FILE = AvailableFonts/Info.plist;
				LD_RUNPATH_SEARCH_PATHS = "$(inherited) @executable_path/Frameworks";
				PRODUCT_BUNDLE_IDENTIFIER = www.qiaozhang.AvailableFonts;
				PRODUCT_NAME = "$(TARGET_NAME)";
				SWIFT_VERSION = 3.0;
			};
			name = Debug;
		};
		E7652C601E5A203600015B6C /* Release */ = {
			isa = XCBuildConfiguration;
			buildSettings = {
				ASSETCATALOG_COMPILER_APPICON_NAME = AppIcon;
				DEVELOPMENT_TEAM = 5H9H3DSGAL;
				INFOPLIST_FILE = AvailableFonts/Info.plist;
				LD_RUNPATH_SEARCH_PATHS = "$(inherited) @executable_path/Frameworks";
				PRODUCT_BUNDLE_IDENTIFIER = www.qiaozhang.AvailableFonts;
				PRODUCT_NAME = "$(TARGET_NAME)";
				SWIFT_VERSION = 3.0;
			};
			name = Release;
		};
/* End XCBuildConfiguration section */

/* Begin XCConfigurationList section */
		E726F5711E4F74FB0029FD6D /* Build configuration list for PBXProject "ZombieConga" */ = {
			isa = XCConfigurationList;
			buildConfigurations = (
				E726F58C1E4F74FC0029FD6D /* Debug */,
				E726F58D1E4F74FC0029FD6D /* Release */,
			);
			defaultConfigurationIsVisible = 0;
			defaultConfigurationName = Release;
		};
		E726F58E1E4F74FC0029FD6D /* Build configuration list for PBXNativeTarget "ZombieConga" */ = {
			isa = XCConfigurationList;
			buildConfigurations = (
				E726F58F1E4F74FC0029FD6D /* Debug */,
				E726F5901E4F74FC0029FD6D /* Release */,
			);
			defaultConfigurationIsVisible = 0;
			defaultConfigurationName = Release;
		};
		E739F9DF1E55E8E1002AEBF1 /* Build configuration list for PBXNativeTarget "ActionsCatalog" */ = {
			isa = XCConfigurationList;
			buildConfigurations = (
				E739F9E01E55E8E1002AEBF1 /* Debug */,
				E739F9E11E55E8E1002AEBF1 /* Release */,
			);
			defaultConfigurationIsVisible = 0;
			defaultConfigurationName = Release;
		};
		E7652C611E5A203600015B6C /* Build configuration list for PBXNativeTarget "AvailableFonts" */ = {
			isa = XCConfigurationList;
			buildConfigurations = (
				E7652C5F1E5A203600015B6C /* Debug */,
				E7652C601E5A203600015B6C /* Release */,
			);
			defaultConfigurationIsVisible = 0;
		};
/* End XCConfigurationList section */
	};
	rootObject = E726F56E1E4F74FB0029FD6D /* Project object */;
}
